
Microsoft Visual Studio Solution File, Format Version 12.00
# Visual Studio Version 17
VisualStudioVersion = 17.9.34728.123
MinimumVisualStudioVersion = 10.0.40219.1
Project("{FAE04EC0-301F-11D3-BF4B-00C04F79EFBC}") = "UserApp", "UserApp\UserApp.csproj", "{C06E93AD-A037-4AA1-BE57-91E1762663C4}"
EndProject
Project("{FAE04EC0-301F-11D3-BF4B-00C04F79EFBC}") = "UserAppTests", "UserAppTests\UserAppTests.csproj", "{99D9F396-CECA-4C1E-9B9D-CABE31FA6A27}"
EndProject
Global
	GlobalSection(SolutionConfigurationPlatforms) = preSolution
		Debug|Any CPU = Debug|Any CPU
		Release|Any CPU = Release|Any CPU
	EndGlobalSection
	GlobalSection(ProjectConfigurationPlatforms) = postSolution
		{C06E93AD-A037-4AA1-BE57-91E1762663C4}.Debug|Any CPU.ActiveCfg = Debug|Any CPU
		{C06E93AD-A037-4AA1-BE57-91E1762663C4}.Debug|Any CPU.Build.0 = Debug|Any CPU
		{C06E93AD-A037-4AA1-BE57-91E1762663C4}.Release|Any CPU.ActiveCfg = Release|Any CPU
		{C06E93AD-A037-4AA1-BE57-91E1762663C4}.Release|Any CPU.Build.0 = Release|Any CPU
		{99D9F396-CECA-4C1E-9B9D-CABE31FA6A27}.Debug|Any CPU.ActiveCfg = Debug|Any CPU
		{99D9F396-CECA-4C1E-9B9D-CABE31FA6A27}.Debug|Any CPU.Build.0 = Debug|Any CPU
		{99D9F396-CECA-4C1E-9B9D-CABE31FA6A27}.Release|Any CPU.ActiveCfg = Release|Any CPU
		{99D9F396-CECA-4C1E-9B9D-CABE31FA6A27}.Release|Any CPU.Build.0 = Release|Any CPU
	EndGlobalSection
	GlobalSection(SolutionProperties) = preSolution
		HideSolutionNode = FALSE
	EndGlobalSection
	GlobalSection(ExtensibilityGlobals) = postSolution
		SolutionGuid = {26978AA2-F685-40B7-9519-8DB31164F0A5}
	EndGlobalSection
EndGlobal
